// !$*UTF8*$!
{
	archiveVersion = 1;
	classes = {
	};
	objectVersion = 46;
	objects = {

/* Begin PBXBuildFile section */
		1DD44F721D05CC1300A5719B /* AppDelegate.swift in Sources */ = {isa = PBXBuildFile; fileRef = 1DD44F711D05CC1300A5719B /* AppDelegate.swift */; };
		1DD44F771D05CC1300A5719B /* Main.storyboard in Resources */ = {isa = PBXBuildFile; fileRef = 1DD44F751D05CC1300A5719B /* Main.storyboard */; };
		1DD44F791D05CC1300A5719B /* Assets.xcassets in Resources */ = {isa = PBXBuildFile; fileRef = 1DD44F781D05CC1300A5719B /* Assets.xcassets */; };
		1DD44F7C1D05CC1300A5719B /* LaunchScreen.storyboard in Resources */ = {isa = PBXBuildFile; fileRef = 1DD44F7A1D05CC1300A5719B /* LaunchScreen.storyboard */; };
		1DD44F851D05CDEE00A5719B /* Entity.swift in Sources */ = {isa = PBXBuildFile; fileRef = 1DD44F841D05CDEE00A5719B /* Entity.swift */; };
		1DD44F871D05D02A00A5719B /* EntitiesHelper.swift in Sources */ = {isa = PBXBuildFile; fileRef = 1DD44F861D05D02A00A5719B /* EntitiesHelper.swift */; };
		1DD44F8A1D05DCDE00A5719B /* TechCompaniesListViewController.swift in Sources */ = {isa = PBXBuildFile; fileRef = 1DD44F891D05DCDE00A5719B /* TechCompaniesListViewController.swift */; };
/* End PBXBuildFile section */

/* Begin PBXFileReference section */
		1DD44F6E1D05CC1300A5719B /* TechCompanies.app */ = {isa = PBXFileReference; explicitFileType = wrapper.application; includeInIndex = 0; path = TechCompanies.app; sourceTree = BUILT_PRODUCTS_DIR; };
		1DD44F711D05CC1300A5719B /* AppDelegate.swift */ = {isa = PBXFileReference; lastKnownFileType = sourcecode.swift; path = AppDelegate.swift; sourceTree = "<group>"; };
		1DD44F761D05CC1300A5719B /* Base */ = {isa = PBXFileReference; lastKnownFileType = file.storyboard; name = Base; path = Base.lproj/Main.storyboard; sourceTree = "<group>"; };
		1DD44F781D05CC1300A5719B /* Assets.xcassets */ = {isa = PBXFileReference; lastKnownFileType = folder.assetcatalog; path = Assets.xcassets; sourceTree = "<group>"; };
		1DD44F7B1D05CC1300A5719B /* Base */ = {isa = PBXFileReference; lastKnownFileType = file.storyboard; name = Base; path = Base.lproj/LaunchScreen.storyboard; sourceTree = "<group>"; };
		1DD44F7D1D05CC1300A5719B /* Info.plist */ = {isa = PBXFileReference; lastKnownFileType = text.plist.xml; path = Info.plist; sourceTree = "<group>"; };
		1DD44F841D05CDEE00A5719B /* Entity.swift */ = {isa = PBXFileReference; fileEncoding = 4; lastKnownFileType = sourcecode.swift; path = Entity.swift; sourceTree = "<group>"; };
		1DD44F861D05D02A00A5719B /* EntitiesHelper.swift */ = {isa = PBXFileReference; fileEncoding = 4; lastKnownFileType = sourcecode.swift; path = EntitiesHelper.swift; sourceTree = "<group>"; };
		1DD44F891D05DCDE00A5719B /* TechCompaniesListViewController.swift */ = {isa = PBXFileReference; fileEncoding = 4; lastKnownFileType = sourcecode.swift; path = TechCompaniesListViewController.swift; sourceTree = "<group>"; };
/* End PBXFileReference section */

/* Begin PBXFrameworksBuildPhase section */
		1DD44F6B1D05CC1300A5719B /* Frameworks */ = {
			isa = PBXFrameworksBuildPhase;
			buildActionMask = 2147483647;
			files = (
			);
			runOnlyForDeploymentPostprocessing = 0;
		};
/* End PBXFrameworksBuildPhase section */

/* Begin PBXGroup section */
		1DD44F651D05CC1300A5719B = {
			isa = PBXGroup;
			children = (
				1DD44F701D05CC1300A5719B /* TechCompanies */,
				1DD44F6F1D05CC1300A5719B /* Products */,
			);
			sourceTree = "<group>";
		};
		1DD44F6F1D05CC1300A5719B /* Products */ = {
			isa = PBXGroup;
			children = (
				1DD44F6E1D05CC1300A5719B /* TechCompanies.app */,
			);
			name = Products;
			sourceTree = "<group>";
		};
		1DD44F701D05CC1300A5719B /* TechCompanies */ = {
			isa = PBXGroup;
			children = (
				1DD44F881D05DC9100A5719B /* ViewControllers */,
				1DD44F831D05CDCA00A5719B /* Models */,
				1DD44F711D05CC1300A5719B /* AppDelegate.swift */,
				1DD44F751D05CC1300A5719B /* Main.storyboard */,
				1DD44F781D05CC1300A5719B /* Assets.xcassets */,
				1DD44F7A1D05CC1300A5719B /* LaunchScreen.storyboard */,
				1DD44F7D1D05CC1300A5719B /* Info.plist */,
			);
			path = TechCompanies;
			sourceTree = "<group>";
		};
		1DD44F831D05CDCA00A5719B /* Models */ = {
			isa = PBXGroup;
			children = (
				1DD44F841D05CDEE00A5719B /* Entity.swift */,
				1DD44F861D05D02A00A5719B /* EntitiesHelper.swift */,
			);
			name = Models;
			sourceTree = "<group>";
		};
		1DD44F881D05DC9100A5719B /* ViewControllers */ = {
			isa = PBXGroup;
			children = (
				1DD44F891D05DCDE00A5719B /* TechCompaniesListViewController.swift */,
			);
			name = ViewControllers;
			sourceTree = "<group>";
		};
/* End PBXGroup section */

/* Begin PBXNativeTarget section */
		1DD44F6D1D05CC1300A5719B /* TechCompanies */ = {
			isa = PBXNativeTarget;
			buildConfigurationList = 1DD44F801D05CC1300A5719B /* Build configuration list for PBXNativeTarget "TechCompanies" */;
			buildPhases = (
				1DD44F6A1D05CC1300A5719B /* Sources */,
				1DD44F6B1D05CC1300A5719B /* Frameworks */,
				1DD44F6C1D05CC1300A5719B /* Resources */,
			);
			buildRules = (
			);
			dependencies = (
			);
			name = TechCompanies;
			productName = TechCompanies;
			productReference = 1DD44F6E1D05CC1300A5719B /* TechCompanies.app */;
			productType = "com.apple.product-type.application";
		};
/* End PBXNativeTarget section */

/* Begin PBXProject section */
		1DD44F661D05CC1300A5719B /* Project object */ = {
			isa = PBXProject;
			attributes = {
				LastSwiftUpdateCheck = 0720;
				LastUpgradeCheck = 0720;
				ORGANIZATIONNAME = "Holberton School";
				TargetAttributes = {
					1DD44F6D1D05CC1300A5719B = {
						CreatedOnToolsVersion = 7.2.1;
						DevelopmentTeam = 2DN227S6D4;
					};
				};
			};
			buildConfigurationList = 1DD44F691D05CC1300A5719B /* Build configuration list for PBXProject "TechCompanies" */;
			compatibilityVersion = "Xcode 3.2";
			developmentRegion = English;
			hasScannedForEncodings = 0;
			knownRegions = (
				en,
				Base,
			);
			mainGroup = 1DD44F651D05CC1300A5719B;
			productRefGroup = 1DD44F6F1D05CC1300A5719B /* Products */;
			projectDirPath = "";
			projectRoot = "";
			targets = (
				1DD44F6D1D05CC1300A5719B /* TechCompanies */,
			);
		};
/* End PBXProject section */

/* Begin PBXResourcesBuildPhase section */
		1DD44F6C1D05CC1300A5719B /* Resources */ = {
			isa = PBXResourcesBuildPhase;
			buildActionMask = 2147483647;
			files = (
				1DD44F7C1D05CC1300A5719B /* LaunchScreen.storyboard in Resources */,
				1DD44F791D05CC1300A5719B /* Assets.xcassets in Resources */,
				1DD44F771D05CC1300A5719B /* Main.storyboard in Resources */,
			);
			runOnlyForDeploymentPostprocessing = 0;
		};
/* End PBXResourcesBuildPhase section */

/* Begin PBXSourcesBuildPhase section */
		1DD44F6A1D05CC1300A5719B /* Sources */ = {
			isa = PBXSourcesBuildPhase;
			buildActionMask = 2147483647;
			files = (
				1DD44F871D05D02A00A5719B /* EntitiesHelper.swift in Sources */,
				1DD44F721D05CC1300A5719B /* AppDelegate.swift in Sources */,
				1DD44F8A1D05DCDE00A5719B /* TechCompaniesListViewController.swift in Sources */,
				1DD44F851D05CDEE00A5719B /* Entity.swift in Sources */,
			);
			runOnlyForDeploymentPostprocessing = 0;
		};
/* End PBXSourcesBuildPhase section */

/* Begin PBXVariantGroup section */
		1DD44F751D05CC1300A5719B /* Main.storyboard */ = {
			isa = PBXVariantGroup;
			children = (
				1DD44F761D05CC1300A5719B /* Base */,
			);
			name = Main.storyboard;
			sourceTree = "<group>";
		};
		1DD44F7A1D05CC1300A5719B /* LaunchScreen.storyboard */ = {
			isa = PBXVariantGroup;
			children = (
				1DD44F7B1D05CC1300A5719B /* Base */,
			);
			name = LaunchScreen.storyboard;
			sourceTree = "<group>";
		};
/* End PBXVariantGroup section */

/* Begin XCBuildConfiguration section */
		1DD44F7E1D05CC1300A5719B /* Debug */ = {
			isa = XCBuildConfiguration;
			buildSettings = {
				ALWAYS_SEARCH_USER_PATHS = NO;
				CLANG_CXX_LANGUAGE_STANDARD = "gnu++0x";
				CLANG_CXX_LIBRARY = "libc++";
				CLANG_ENABLE_MODULES = YES;
				CLANG_ENABLE_OBJC_ARC = YES;
				CLANG_WARN_BOOL_CONVERSION = YES;
				CLANG_WARN_CONSTANT_CONVERSION = YES;
				CLANG_WARN_DIRECT_OBJC_ISA_USAGE = YES_ERROR;
				CLANG_WARN_EMPTY_BODY = YES;
				CLANG_WARN_ENUM_CONVERSION = YES;
				CLANG_WARN_INT_CONVERSION = YES;
				CLANG_WARN_OBJC_ROOT_CLASS = YES_ERROR;
				CLANG_WARN_UNREACHABLE_CODE = YES;
				CLANG_WARN__DUPLICATE_METHOD_MATCH = YES;
				"CODE_SIGN_IDENTITY[sdk=iphoneos*]" = "iPhone Developer";
				COPY_PHASE_STRIP = NO;
				DEBUG_INFORMATION_FORMAT = dwarf;
				ENABLE_STRICT_OBJC_MSGSEND = YES;
				ENABLE_TESTABILITY = YES;
				GCC_C_LANGUAGE_STANDARD = gnu99;
				GCC_DYNAMIC_NO_PIC = NO;
				GCC_NO_COMMON_BLOCKS = YES;
				GCC_OPTIMIZATION_LEVEL = 0;
				GCC_PREPROCESSOR_DEFINITIONS = (
					"DEBUG=1",
					"$(inherited)",
				);
				GCC_WARN_64_TO_32_BIT_CONVERSION = YES;
				GCC_WARN_ABOUT_RETURN_TYPE = YES_ERROR;
				GCC_WARN_UNDECLARED_SELECTOR = YES;
				GCC_WARN_UNINITIALIZED_AUTOS = YES_AGGRESSIVE;
				GCC_WARN_UNUSED_FUNCTION = YES;
				GCC_WARN_UNUSED_VARIABLE = YES;
				IPHONEOS_DEPLOYMENT_TARGET = 9.2;
				MTL_ENABLE_DEBUG_INFO = YES;
				ONLY_ACTIVE_ARCH = YES;
				SDKROOT = iphoneos;
				SWIFT_OPTIMIZATION_LEVEL = "-Onone";
				TARGETED_DEVICE_FAMILY = "1,2";
			};
			name = Debug;
		};
		1DD44F7F1D05CC1300A5719B /* Release */ = {
			isa = XCBuildConfiguration;
			buildSettings = {
				ALWAYS_SEARCH_USER_PATHS = NO;
				CLANG_CXX_LANGUAGE_STANDARD = "gnu++0x";
				CLANG_CXX_LIBRARY = "libc++";
				CLANG_ENABLE_MODULES = YES;
				CLANG_ENABLE_OBJC_ARC = YES;
				CLANG_WARN_BOOL_CONVERSION = YES;
				CLANG_WARN_CONSTANT_CONVERSION = YES;
				CLANG_WARN_DIRECT_OBJC_ISA_USAGE = YES_ERROR;
				CLANG_WARN_EMPTY_BODY = YES;
				CLANG_WARN_ENUM_CONVERSION = YES;
				CLANG_WARN_INT_CONVERSION = YES;
				CLANG_WARN_OBJC_ROOT_CLASS = YES_ERROR;
				CLANG_WARN_UNREACHABLE_CODE = YES;
				CLANG_WARN__DUPLICATE_METHOD_MATCH = YES;
				"CODE_SIGN_IDENTITY[sdk=iphoneos*]" = "iPhone Developer";
				COPY_PHASE_STRIP = NO;
				DEBUG_INFORMATION_FORMAT = "dwarf-with-dsym";
				ENABLE_NS_ASSERTIONS = NO;
				ENABLE_STRICT_OBJC_MSGSEND = YES;
				GCC_C_LANGUAGE_STANDARD = gnu99;
				GCC_NO_COMMON_BLOCKS = YES;
				GCC_WARN_64_TO_32_BIT_CONVERSION = YES;
				GCC_WARN_ABOUT_RETURN_TYPE = YES_ERROR;
				GCC_WARN_UNDECLARED_SELECTOR = YES;
				GCC_WARN_UNINITIALIZED_AUTOS = YES_AGGRESSIVE;
				GCC_WARN_UNUSED_FUNCTION = YES;
				GCC_WARN_UNUSED_VARIABLE = YES;
				IPHONEOS_DEPLOYMENT_TARGET = 9.2;
				MTL_ENABLE_DEBUG_INFO = NO;
				SDKROOT = iphoneos;
				TARGETED_DEVICE_FAMILY = "1,2";
				VALIDATE_PRODUCT = YES;
			};
			name = Release;
		};
		1DD44F811D05CC1300A5719B /* Debug */ = {
			isa = XCBuildConfiguration;
			buildSettings = {
				ASSETCATALOG_COMPILER_APPICON_NAME = AppIcon;
				INFOPLIST_FILE = TechCompanies/Info.plist;
				LD_RUNPATH_SEARCH_PATHS = "$(inherited) @executable_path/Frameworks";
				PRODUCT_BUNDLE_IDENTIFIER = holbertonschool.TechCompanies;
				PRODUCT_NAME = "$(TARGET_NAME)";
			};
			name = Debug;
		};
		1DD44F821D05CC1300A5719B /* Release */ = {
			isa = XCBuildConfiguration;
			buildSettings = {
				ASSETCATALOG_COMPILER_APPICON_NAME = AppIcon;
				INFOPLIST_FILE = TechCompanies/Info.plist;
				LD_RUNPATH_SEARCH_PATHS = "$(inherited) @executable_path/Frameworks";
				PRODUCT_BUNDLE_IDENTIFIER = holbertonschool.TechCompanies;
				PRODUCT_NAME = "$(TARGET_NAME)";
			};
			name = Release;
		};
/* End XCBuildConfiguration section */

/* Begin XCConfigurationList section */
		1DD44F691D05CC1300A5719B /* Build configuration list for PBXProject "TechCompanies" */ = {
			isa = XCConfigurationList;
			buildConfigurations = (
				1DD44F7E1D05CC1300A5719B /* Debug */,
				1DD44F7F1D05CC1300A5719B /* Release */,
			);
			defaultConfigurationIsVisible = 0;
			defaultConfigurationName = Release;
		};
		1DD44F801D05CC1300A5719B /* Build configuration list for PBXNativeTarget "TechCompanies" */ = {
			isa = XCConfigurationList;
			buildConfigurations = (
				1DD44F811D05CC1300A5719B /* Debug */,
				1DD44F821D05CC1300A5719B /* Release */,
			);
			defaultConfigurationIsVisible = 0;
			defaultConfigurationName = Release;
		};
/* End XCConfigurationList section */
	};
	rootObject = 1DD44F661D05CC1300A5719B /* Project object */;
}
