// !$*UTF8*$!
{
	archiveVersion = 1;
	classes = {
	};
	objectVersion = 46;
	objects = {

/* Begin PBXBuildFile section */
		1D6C1E261D1E0CAE002C478D /* AppDelegate.swift in Sources */ = {isa = PBXBuildFile; fileRef = 1D6C1E251D1E0CAE002C478D /* AppDelegate.swift */; };
		1D6C1E281D1E0CAE002C478D /* ViewController.swift in Sources */ = {isa = PBXBuildFile; fileRef = 1D6C1E271D1E0CAE002C478D /* ViewController.swift */; };
		1D6C1E2B1D1E0CAE002C478D /* Main.storyboard in Resources */ = {isa = PBXBuildFile; fileRef = 1D6C1E291D1E0CAE002C478D /* Main.storyboard */; };
		1D6C1E2D1D1E0CAE002C478D /* Assets.xcassets in Resources */ = {isa = PBXBuildFile; fileRef = 1D6C1E2C1D1E0CAE002C478D /* Assets.xcassets */; };
		1D6C1E351D1E0CF3002C478D /* MyTVAppItem.swift in Sources */ = {isa = PBXBuildFile; fileRef = 1D6C1E341D1E0CF3002C478D /* MyTVAppItem.swift */; };
/* End PBXBuildFile section */

/* Begin PBXFileReference section */
		1D6C1E221D1E0CAE002C478D /* MyTVApp.app */ = {isa = PBXFileReference; explicitFileType = wrapper.application; includeInIndex = 0; path = MyTVApp.app; sourceTree = BUILT_PRODUCTS_DIR; };
		1D6C1E251D1E0CAE002C478D /* AppDelegate.swift */ = {isa = PBXFileReference; lastKnownFileType = sourcecode.swift; path = AppDelegate.swift; sourceTree = "<group>"; };
		1D6C1E271D1E0CAE002C478D /* ViewController.swift */ = {isa = PBXFileReference; lastKnownFileType = sourcecode.swift; path = ViewController.swift; sourceTree = "<group>"; };
		1D6C1E2A1D1E0CAE002C478D /* Base */ = {isa = PBXFileReference; lastKnownFileType = file.storyboard; name = Base; path = Base.lproj/Main.storyboard; sourceTree = "<group>"; };
		1D6C1E2C1D1E0CAE002C478D /* Assets.xcassets */ = {isa = PBXFileReference; lastKnownFileType = folder.assetcatalog; path = Assets.xcassets; sourceTree = "<group>"; };
		1D6C1E2E1D1E0CAE002C478D /* Info.plist */ = {isa = PBXFileReference; lastKnownFileType = text.plist.xml; path = Info.plist; sourceTree = "<group>"; };
		1D6C1E341D1E0CF3002C478D /* MyTVAppItem.swift */ = {isa = PBXFileReference; fileEncoding = 4; lastKnownFileType = sourcecode.swift; path = MyTVAppItem.swift; sourceTree = "<group>"; };
/* End PBXFileReference section */

/* Begin PBXFrameworksBuildPhase section */
		1D6C1E1F1D1E0CAE002C478D /* Frameworks */ = {
			isa = PBXFrameworksBuildPhase;
			buildActionMask = 2147483647;
			files = (
			);
			runOnlyForDeploymentPostprocessing = 0;
		};
/* End PBXFrameworksBuildPhase section */

/* Begin PBXGroup section */
		1D6C1E191D1E0CAE002C478D = {
			isa = PBXGroup;
			children = (
				1D6C1E241D1E0CAE002C478D /* MyTVApp */,
				1D6C1E231D1E0CAE002C478D /* Products */,
			);
			sourceTree = "<group>";
		};
		1D6C1E231D1E0CAE002C478D /* Products */ = {
			isa = PBXGroup;
			children = (
				1D6C1E221D1E0CAE002C478D /* MyTVApp.app */,
			);
			name = Products;
			sourceTree = "<group>";
		};
		1D6C1E241D1E0CAE002C478D /* MyTVApp */ = {
			isa = PBXGroup;
			children = (
				1D6C1E341D1E0CF3002C478D /* MyTVAppItem.swift */,
				1D6C1E251D1E0CAE002C478D /* AppDelegate.swift */,
				1D6C1E271D1E0CAE002C478D /* ViewController.swift */,
				1D6C1E291D1E0CAE002C478D /* Main.storyboard */,
				1D6C1E2C1D1E0CAE002C478D /* Assets.xcassets */,
				1D6C1E2E1D1E0CAE002C478D /* Info.plist */,
			);
			path = MyTVApp;
			sourceTree = "<group>";
		};
/* End PBXGroup section */

/* Begin PBXNativeTarget section */
		1D6C1E211D1E0CAE002C478D /* MyTVApp */ = {
			isa = PBXNativeTarget;
			buildConfigurationList = 1D6C1E311D1E0CAE002C478D /* Build configuration list for PBXNativeTarget "MyTVApp" */;
			buildPhases = (
				1D6C1E1E1D1E0CAE002C478D /* Sources */,
				1D6C1E1F1D1E0CAE002C478D /* Frameworks */,
				1D6C1E201D1E0CAE002C478D /* Resources */,
			);
			buildRules = (
			);
			dependencies = (
			);
			name = MyTVApp;
			productName = MyTVApp;
			productReference = 1D6C1E221D1E0CAE002C478D /* MyTVApp.app */;
			productType = "com.apple.product-type.application";
		};
/* End PBXNativeTarget section */

/* Begin PBXProject section */
		1D6C1E1A1D1E0CAE002C478D /* Project object */ = {
			isa = PBXProject;
			attributes = {
				LastSwiftUpdateCheck = 0720;
				LastUpgradeCheck = 0720;
				ORGANIZATIONNAME = "Holberton School";
				TargetAttributes = {
					1D6C1E211D1E0CAE002C478D = {
						CreatedOnToolsVersion = 7.2.1;
						DevelopmentTeam = 2DN227S6D4;
					};
				};
			};
			buildConfigurationList = 1D6C1E1D1D1E0CAE002C478D /* Build configuration list for PBXProject "MyTVApp" */;
			compatibilityVersion = "Xcode 3.2";
			developmentRegion = English;
			hasScannedForEncodings = 0;
			knownRegions = (
				en,
				Base,
			);
			mainGroup = 1D6C1E191D1E0CAE002C478D;
			productRefGroup = 1D6C1E231D1E0CAE002C478D /* Products */;
			projectDirPath = "";
			projectRoot = "";
			targets = (
				1D6C1E211D1E0CAE002C478D /* MyTVApp */,
			);
		};
/* End PBXProject section */

/* Begin PBXResourcesBuildPhase section */
		1D6C1E201D1E0CAE002C478D /* Resources */ = {
			isa = PBXResourcesBuildPhase;
			buildActionMask = 2147483647;
			files = (
				1D6C1E2D1D1E0CAE002C478D /* Assets.xcassets in Resources */,
				1D6C1E2B1D1E0CAE002C478D /* Main.storyboard in Resources */,
			);
			runOnlyForDeploymentPostprocessing = 0;
		};
/* End PBXResourcesBuildPhase section */

/* Begin PBXSourcesBuildPhase section */
		1D6C1E1E1D1E0CAE002C478D /* Sources */ = {
			isa = PBXSourcesBuildPhase;
			buildActionMask = 2147483647;
			files = (
				1D6C1E351D1E0CF3002C478D /* MyTVAppItem.swift in Sources */,
				1D6C1E281D1E0CAE002C478D /* ViewController.swift in Sources */,
				1D6C1E261D1E0CAE002C478D /* AppDelegate.swift in Sources */,
			);
			runOnlyForDeploymentPostprocessing = 0;
		};
/* End PBXSourcesBuildPhase section */

/* Begin PBXVariantGroup section */
		1D6C1E291D1E0CAE002C478D /* Main.storyboard */ = {
			isa = PBXVariantGroup;
			children = (
				1D6C1E2A1D1E0CAE002C478D /* Base */,
			);
			name = Main.storyboard;
			sourceTree = "<group>";
		};
/* End PBXVariantGroup section */

/* Begin XCBuildConfiguration section */
		1D6C1E2F1D1E0CAE002C478D /* Debug */ = {
			isa = XCBuildConfiguration;
			buildSettings = {
				ALWAYS_SEARCH_USER_PATHS = NO;
				CLANG_CXX_LANGUAGE_STANDARD = "gnu++0x";
				CLANG_CXX_LIBRARY = "libc++";
				CLANG_ENABLE_MODULES = YES;
				CLANG_ENABLE_OBJC_ARC = YES;
				CLANG_WARN_BOOL_CONVERSION = YES;
				CLANG_WARN_CONSTANT_CONVERSION = YES;
				CLANG_WARN_DIRECT_OBJC_ISA_USAGE = YES_ERROR;
				CLANG_WARN_EMPTY_BODY = YES;
				CLANG_WARN_ENUM_CONVERSION = YES;
				CLANG_WARN_INT_CONVERSION = YES;
				CLANG_WARN_OBJC_ROOT_CLASS = YES_ERROR;
				CLANG_WARN_UNREACHABLE_CODE = YES;
				CLANG_WARN__DUPLICATE_METHOD_MATCH = YES;
				COPY_PHASE_STRIP = NO;
				DEBUG_INFORMATION_FORMAT = dwarf;
				ENABLE_STRICT_OBJC_MSGSEND = YES;
				ENABLE_TESTABILITY = YES;
				GCC_C_LANGUAGE_STANDARD = gnu99;
				GCC_DYNAMIC_NO_PIC = NO;
				GCC_NO_COMMON_BLOCKS = YES;
				GCC_OPTIMIZATION_LEVEL = 0;
				GCC_PREPROCESSOR_DEFINITIONS = (
					"DEBUG=1",
					"$(inherited)",
				);
				GCC_WARN_64_TO_32_BIT_CONVERSION = YES;
				GCC_WARN_ABOUT_RETURN_TYPE = YES_ERROR;
				GCC_WARN_UNDECLARED_SELECTOR = YES;
				GCC_WARN_UNINITIALIZED_AUTOS = YES_AGGRESSIVE;
				GCC_WARN_UNUSED_FUNCTION = YES;
				GCC_WARN_UNUSED_VARIABLE = YES;
				MTL_ENABLE_DEBUG_INFO = YES;
				ONLY_ACTIVE_ARCH = YES;
				SDKROOT = appletvos;
				SWIFT_OPTIMIZATION_LEVEL = "-Onone";
				TARGETED_DEVICE_FAMILY = 3;
				TVOS_DEPLOYMENT_TARGET = 9.1;
			};
			name = Debug;
		};
		1D6C1E301D1E0CAE002C478D /* Release */ = {
			isa = XCBuildConfiguration;
			buildSettings = {
				ALWAYS_SEARCH_USER_PATHS = NO;
				CLANG_CXX_LANGUAGE_STANDARD = "gnu++0x";
				CLANG_CXX_LIBRARY = "libc++";
				CLANG_ENABLE_MODULES = YES;
				CLANG_ENABLE_OBJC_ARC = YES;
				CLANG_WARN_BOOL_CONVERSION = YES;
				CLANG_WARN_CONSTANT_CONVERSION = YES;
				CLANG_WARN_DIRECT_OBJC_ISA_USAGE = YES_ERROR;
				CLANG_WARN_EMPTY_BODY = YES;
				CLANG_WARN_ENUM_CONVERSION = YES;
				CLANG_WARN_INT_CONVERSION = YES;
				CLANG_WARN_OBJC_ROOT_CLASS = YES_ERROR;
				CLANG_WARN_UNREACHABLE_CODE = YES;
				CLANG_WARN__DUPLICATE_METHOD_MATCH = YES;
				COPY_PHASE_STRIP = NO;
				DEBUG_INFORMATION_FORMAT = "dwarf-with-dsym";
				ENABLE_NS_ASSERTIONS = NO;
				ENABLE_STRICT_OBJC_MSGSEND = YES;
				GCC_C_LANGUAGE_STANDARD = gnu99;
				GCC_NO_COMMON_BLOCKS = YES;
				GCC_WARN_64_TO_32_BIT_CONVERSION = YES;
				GCC_WARN_ABOUT_RETURN_TYPE = YES_ERROR;
				GCC_WARN_UNDECLARED_SELECTOR = YES;
				GCC_WARN_UNINITIALIZED_AUTOS = YES_AGGRESSIVE;
				GCC_WARN_UNUSED_FUNCTION = YES;
				GCC_WARN_UNUSED_VARIABLE = YES;
				MTL_ENABLE_DEBUG_INFO = NO;
				SDKROOT = appletvos;
				TARGETED_DEVICE_FAMILY = 3;
				TVOS_DEPLOYMENT_TARGET = 9.1;
				VALIDATE_PRODUCT = YES;
			};
			name = Release;
		};
		1D6C1E321D1E0CAE002C478D /* Debug */ = {
			isa = XCBuildConfiguration;
			buildSettings = {
				ASSETCATALOG_COMPILER_APPICON_NAME = "App Icon & Top Shelf Image";
				ASSETCATALOG_COMPILER_LAUNCHIMAGE_NAME = LaunchImage;
				INFOPLIST_FILE = MyTVApp/Info.plist;
				LD_RUNPATH_SEARCH_PATHS = "$(inherited) @executable_path/Frameworks";
				PRODUCT_BUNDLE_IDENTIFIER = holbertonschool.MyTVApp;
				PRODUCT_NAME = "$(TARGET_NAME)";
			};
			name = Debug;
		};
		1D6C1E331D1E0CAE002C478D /* Release */ = {
			isa = XCBuildConfiguration;
			buildSettings = {
				ASSETCATALOG_COMPILER_APPICON_NAME = "App Icon & Top Shelf Image";
				ASSETCATALOG_COMPILER_LAUNCHIMAGE_NAME = LaunchImage;
				INFOPLIST_FILE = MyTVApp/Info.plist;
				LD_RUNPATH_SEARCH_PATHS = "$(inherited) @executable_path/Frameworks";
				PRODUCT_BUNDLE_IDENTIFIER = holbertonschool.MyTVApp;
				PRODUCT_NAME = "$(TARGET_NAME)";
			};
			name = Release;
		};
/* End XCBuildConfiguration section */

/* Begin XCConfigurationList section */
		1D6C1E1D1D1E0CAE002C478D /* Build configuration list for PBXProject "MyTVApp" */ = {
			isa = XCConfigurationList;
			buildConfigurations = (
				1D6C1E2F1D1E0CAE002C478D /* Debug */,
				1D6C1E301D1E0CAE002C478D /* Release */,
			);
			defaultConfigurationIsVisible = 0;
			defaultConfigurationName = Release;
		};
		1D6C1E311D1E0CAE002C478D /* Build configuration list for PBXNativeTarget "MyTVApp" */ = {
			isa = XCConfigurationList;
			buildConfigurations = (
				1D6C1E321D1E0CAE002C478D /* Debug */,
				1D6C1E331D1E0CAE002C478D /* Release */,
			);
			defaultConfigurationIsVisible = 0;
		};
/* End XCConfigurationList section */
	};
	rootObject = 1D6C1E1A1D1E0CAE002C478D /* Project object */;
}
