// !$*UTF8*$!
{
	archiveVersion = 1;
	classes = {
	};
	objectVersion = 46;
	objects = {

/* Begin PBXBuildFile section */
		B4AF257A1CF4E5B600D15DDF /* AppDelegate.swift in Sources */ = {isa = PBXBuildFile; fileRef = B4AF25791CF4E5B600D15DDF /* AppDelegate.swift */; };
		B4AF257C1CF4E5B600D15DDF /* ViewController.swift in Sources */ = {isa = PBXBuildFile; fileRef = B4AF257B1CF4E5B600D15DDF /* ViewController.swift */; };
		B4AF257F1CF4E5B600D15DDF /* Main.storyboard in Resources */ = {isa = PBXBuildFile; fileRef = B4AF257D1CF4E5B600D15DDF /* Main.storyboard */; };
		B4AF25811CF4E5B600D15DDF /* Assets.xcassets in Resources */ = {isa = PBXBuildFile; fileRef = B4AF25801CF4E5B600D15DDF /* Assets.xcassets */; };
		B4AF25841CF4E5B600D15DDF /* LaunchScreen.storyboard in Resources */ = {isa = PBXBuildFile; fileRef = B4AF25821CF4E5B600D15DDF /* LaunchScreen.storyboard */; };
/* End PBXBuildFile section */

/* Begin PBXFileReference section */
		B4AF25761CF4E5B600D15DDF /* TapperProject.app */ = {isa = PBXFileReference; explicitFileType = wrapper.application; includeInIndex = 0; path = TapperProject.app; sourceTree = BUILT_PRODUCTS_DIR; };
		B4AF25791CF4E5B600D15DDF /* AppDelegate.swift */ = {isa = PBXFileReference; lastKnownFileType = sourcecode.swift; path = AppDelegate.swift; sourceTree = "<group>"; };
		B4AF257B1CF4E5B600D15DDF /* ViewController.swift */ = {isa = PBXFileReference; lastKnownFileType = sourcecode.swift; path = ViewController.swift; sourceTree = "<group>"; };
		B4AF257E1CF4E5B600D15DDF /* Base */ = {isa = PBXFileReference; lastKnownFileType = file.storyboard; name = Base; path = Base.lproj/Main.storyboard; sourceTree = "<group>"; };
		B4AF25801CF4E5B600D15DDF /* Assets.xcassets */ = {isa = PBXFileReference; lastKnownFileType = folder.assetcatalog; path = Assets.xcassets; sourceTree = "<group>"; };
		B4AF25831CF4E5B600D15DDF /* Base */ = {isa = PBXFileReference; lastKnownFileType = file.storyboard; name = Base; path = Base.lproj/LaunchScreen.storyboard; sourceTree = "<group>"; };
		B4AF25851CF4E5B600D15DDF /* Info.plist */ = {isa = PBXFileReference; lastKnownFileType = text.plist.xml; path = Info.plist; sourceTree = "<group>"; };
/* End PBXFileReference section */

/* Begin PBXFrameworksBuildPhase section */
		B4AF25731CF4E5B600D15DDF /* Frameworks */ = {
			isa = PBXFrameworksBuildPhase;
			buildActionMask = 2147483647;
			files = (
			);
			runOnlyForDeploymentPostprocessing = 0;
		};
/* End PBXFrameworksBuildPhase section */

/* Begin PBXGroup section */
		B4AF256D1CF4E5B600D15DDF = {
			isa = PBXGroup;
			children = (
				B4AF25781CF4E5B600D15DDF /* TapperProject */,
				B4AF25771CF4E5B600D15DDF /* Products */,
			);
			sourceTree = "<group>";
		};
		B4AF25771CF4E5B600D15DDF /* Products */ = {
			isa = PBXGroup;
			children = (
				B4AF25761CF4E5B600D15DDF /* TapperProject.app */,
			);
			name = Products;
			sourceTree = "<group>";
		};
		B4AF25781CF4E5B600D15DDF /* TapperProject */ = {
			isa = PBXGroup;
			children = (
				B4AF25791CF4E5B600D15DDF /* AppDelegate.swift */,
				B4AF257B1CF4E5B600D15DDF /* ViewController.swift */,
				B4AF257D1CF4E5B600D15DDF /* Main.storyboard */,
				B4AF25801CF4E5B600D15DDF /* Assets.xcassets */,
				B4AF25821CF4E5B600D15DDF /* LaunchScreen.storyboard */,
				B4AF25851CF4E5B600D15DDF /* Info.plist */,
			);
			path = TapperProject;
			sourceTree = "<group>";
		};
/* End PBXGroup section */

/* Begin PBXNativeTarget section */
		B4AF25751CF4E5B600D15DDF /* TapperProject */ = {
			isa = PBXNativeTarget;
			buildConfigurationList = B4AF25881CF4E5B600D15DDF /* Build configuration list for PBXNativeTarget "TapperProject" */;
			buildPhases = (
				B4AF25721CF4E5B600D15DDF /* Sources */,
				B4AF25731CF4E5B600D15DDF /* Frameworks */,
				B4AF25741CF4E5B600D15DDF /* Resources */,
			);
			buildRules = (
			);
			dependencies = (
			);
			name = TapperProject;
			productName = TapperProject;
			productReference = B4AF25761CF4E5B600D15DDF /* TapperProject.app */;
			productType = "com.apple.product-type.application";
		};
/* End PBXNativeTarget section */

/* Begin PBXProject section */
		B4AF256E1CF4E5B600D15DDF /* Project object */ = {
			isa = PBXProject;
			attributes = {
				LastSwiftUpdateCheck = 0730;
				LastUpgradeCheck = 0730;
				ORGANIZATIONNAME = "Holberton School";
				TargetAttributes = {
					B4AF25751CF4E5B600D15DDF = {
						CreatedOnToolsVersion = 7.3.1;
					};
				};
			};
			buildConfigurationList = B4AF25711CF4E5B600D15DDF /* Build configuration list for PBXProject "TapperProject" */;
			compatibilityVersion = "Xcode 3.2";
			developmentRegion = English;
			hasScannedForEncodings = 0;
			knownRegions = (
				en,
				Base,
			);
			mainGroup = B4AF256D1CF4E5B600D15DDF;
			productRefGroup = B4AF25771CF4E5B600D15DDF /* Products */;
			projectDirPath = "";
			projectRoot = "";
			targets = (
				B4AF25751CF4E5B600D15DDF /* TapperProject */,
			);
		};
/* End PBXProject section */

/* Begin PBXResourcesBuildPhase section */
		B4AF25741CF4E5B600D15DDF /* Resources */ = {
			isa = PBXResourcesBuildPhase;
			buildActionMask = 2147483647;
			files = (
				B4AF25841CF4E5B600D15DDF /* LaunchScreen.storyboard in Resources */,
				B4AF25811CF4E5B600D15DDF /* Assets.xcassets in Resources */,
				B4AF257F1CF4E5B600D15DDF /* Main.storyboard in Resources */,
			);
			runOnlyForDeploymentPostprocessing = 0;
		};
/* End PBXResourcesBuildPhase section */

/* Begin PBXSourcesBuildPhase section */
		B4AF25721CF4E5B600D15DDF /* Sources */ = {
			isa = PBXSourcesBuildPhase;
			buildActionMask = 2147483647;
			files = (
				B4AF257C1CF4E5B600D15DDF /* ViewController.swift in Sources */,
				B4AF257A1CF4E5B600D15DDF /* AppDelegate.swift in Sources */,
			);
			runOnlyForDeploymentPostprocessing = 0;
		};
/* End PBXSourcesBuildPhase section */

/* Begin PBXVariantGroup section */
		B4AF257D1CF4E5B600D15DDF /* Main.storyboard */ = {
			isa = PBXVariantGroup;
			children = (
				B4AF257E1CF4E5B600D15DDF /* Base */,
			);
			name = Main.storyboard;
			sourceTree = "<group>";
		};
		B4AF25821CF4E5B600D15DDF /* LaunchScreen.storyboard */ = {
			isa = PBXVariantGroup;
			children = (
				B4AF25831CF4E5B600D15DDF /* Base */,
			);
			name = LaunchScreen.storyboard;
			sourceTree = "<group>";
		};
/* End PBXVariantGroup section */

/* Begin XCBuildConfiguration section */
		B4AF25861CF4E5B600D15DDF /* Debug */ = {
			isa = XCBuildConfiguration;
			buildSettings = {
				ALWAYS_SEARCH_USER_PATHS = NO;
				CLANG_ANALYZER_NONNULL = YES;
				CLANG_CXX_LANGUAGE_STANDARD = "gnu++0x";
				CLANG_CXX_LIBRARY = "libc++";
				CLANG_ENABLE_MODULES = YES;
				CLANG_ENABLE_OBJC_ARC = YES;
				CLANG_WARN_BOOL_CONVERSION = YES;
				CLANG_WARN_CONSTANT_CONVERSION = YES;
				CLANG_WARN_DIRECT_OBJC_ISA_USAGE = YES_ERROR;
				CLANG_WARN_EMPTY_BODY = YES;
				CLANG_WARN_ENUM_CONVERSION = YES;
				CLANG_WARN_INT_CONVERSION = YES;
				CLANG_WARN_OBJC_ROOT_CLASS = YES_ERROR;
				CLANG_WARN_UNREACHABLE_CODE = YES;
				CLANG_WARN__DUPLICATE_METHOD_MATCH = YES;
				"CODE_SIGN_IDENTITY[sdk=iphoneos*]" = "iPhone Developer";
				COPY_PHASE_STRIP = NO;
				DEBUG_INFORMATION_FORMAT = dwarf;
				ENABLE_STRICT_OBJC_MSGSEND = YES;
				ENABLE_TESTABILITY = YES;
				GCC_C_LANGUAGE_STANDARD = gnu99;
				GCC_DYNAMIC_NO_PIC = NO;
				GCC_NO_COMMON_BLOCKS = YES;
				GCC_OPTIMIZATION_LEVEL = 0;
				GCC_PREPROCESSOR_DEFINITIONS = (
					"DEBUG=1",
					"$(inherited)",
				);
				GCC_WARN_64_TO_32_BIT_CONVERSION = YES;
				GCC_WARN_ABOUT_RETURN_TYPE = YES_ERROR;
				GCC_WARN_UNDECLARED_SELECTOR = YES;
				GCC_WARN_UNINITIALIZED_AUTOS = YES_AGGRESSIVE;
				GCC_WARN_UNUSED_FUNCTION = YES;
				GCC_WARN_UNUSED_VARIABLE = YES;
				IPHONEOS_DEPLOYMENT_TARGET = 9.3;
				MTL_ENABLE_DEBUG_INFO = YES;
				ONLY_ACTIVE_ARCH = YES;
				SDKROOT = iphoneos;
				SWIFT_OPTIMIZATION_LEVEL = "-Onone";
				TARGETED_DEVICE_FAMILY = "1,2";
			};
			name = Debug;
		};
		B4AF25871CF4E5B600D15DDF /* Release */ = {
			isa = XCBuildConfiguration;
			buildSettings = {
				ALWAYS_SEARCH_USER_PATHS = NO;
				CLANG_ANALYZER_NONNULL = YES;
				CLANG_CXX_LANGUAGE_STANDARD = "gnu++0x";
				CLANG_CXX_LIBRARY = "libc++";
				CLANG_ENABLE_MODULES = YES;
				CLANG_ENABLE_OBJC_ARC = YES;
				CLANG_WARN_BOOL_CONVERSION = YES;
				CLANG_WARN_CONSTANT_CONVERSION = YES;
				CLANG_WARN_DIRECT_OBJC_ISA_USAGE = YES_ERROR;
				CLANG_WARN_EMPTY_BODY = YES;
				CLANG_WARN_ENUM_CONVERSION = YES;
				CLANG_WARN_INT_CONVERSION = YES;
				CLANG_WARN_OBJC_ROOT_CLASS = YES_ERROR;
				CLANG_WARN_UNREACHABLE_CODE = YES;
				CLANG_WARN__DUPLICATE_METHOD_MATCH = YES;
				"CODE_SIGN_IDENTITY[sdk=iphoneos*]" = "iPhone Developer";
				COPY_PHASE_STRIP = NO;
				DEBUG_INFORMATION_FORMAT = "dwarf-with-dsym";
				ENABLE_NS_ASSERTIONS = NO;
				ENABLE_STRICT_OBJC_MSGSEND = YES;
				GCC_C_LANGUAGE_STANDARD = gnu99;
				GCC_NO_COMMON_BLOCKS = YES;
				GCC_WARN_64_TO_32_BIT_CONVERSION = YES;
				GCC_WARN_ABOUT_RETURN_TYPE = YES_ERROR;
				GCC_WARN_UNDECLARED_SELECTOR = YES;
				GCC_WARN_UNINITIALIZED_AUTOS = YES_AGGRESSIVE;
				GCC_WARN_UNUSED_FUNCTION = YES;
				GCC_WARN_UNUSED_VARIABLE = YES;
				IPHONEOS_DEPLOYMENT_TARGET = 9.3;
				MTL_ENABLE_DEBUG_INFO = NO;
				SDKROOT = iphoneos;
				TARGETED_DEVICE_FAMILY = "1,2";
				VALIDATE_PRODUCT = YES;
			};
			name = Release;
		};
		B4AF25891CF4E5B600D15DDF /* Debug */ = {
			isa = XCBuildConfiguration;
			buildSettings = {
				ASSETCATALOG_COMPILER_APPICON_NAME = AppIcon;
				CODE_SIGN_IDENTITY = "iPhone Developer";
				INFOPLIST_FILE = TapperProject/Info.plist;
				IPHONEOS_DEPLOYMENT_TARGET = 9.1;
				LD_RUNPATH_SEARCH_PATHS = "$(inherited) @executable_path/Frameworks";
				PRODUCT_BUNDLE_IDENTIFIER = com.holbertonschool.TapperProject;
				PRODUCT_NAME = "$(TARGET_NAME)";
				TARGETED_DEVICE_FAMILY = 1;
			};
			name = Debug;
		};
		B4AF258A1CF4E5B600D15DDF /* Release */ = {
			isa = XCBuildConfiguration;
			buildSettings = {
				ASSETCATALOG_COMPILER_APPICON_NAME = AppIcon;
				CODE_SIGN_IDENTITY = "iPhone Developer";
				INFOPLIST_FILE = TapperProject/Info.plist;
				IPHONEOS_DEPLOYMENT_TARGET = 9.1;
				LD_RUNPATH_SEARCH_PATHS = "$(inherited) @executable_path/Frameworks";
				PRODUCT_BUNDLE_IDENTIFIER = com.holbertonschool.TapperProject;
				PRODUCT_NAME = "$(TARGET_NAME)";
				TARGETED_DEVICE_FAMILY = 1;
			};
			name = Release;
		};
/* End XCBuildConfiguration section */

/* Begin XCConfigurationList section */
		B4AF25711CF4E5B600D15DDF /* Build configuration list for PBXProject "TapperProject" */ = {
			isa = XCConfigurationList;
			buildConfigurations = (
				B4AF25861CF4E5B600D15DDF /* Debug */,
				B4AF25871CF4E5B600D15DDF /* Release */,
			);
			defaultConfigurationIsVisible = 0;
			defaultConfigurationName = Release;
		};
		B4AF25881CF4E5B600D15DDF /* Build configuration list for PBXNativeTarget "TapperProject" */ = {
			isa = XCConfigurationList;
			buildConfigurations = (
				B4AF25891CF4E5B600D15DDF /* Debug */,
				B4AF258A1CF4E5B600D15DDF /* Release */,
			);
			defaultConfigurationIsVisible = 0;
			defaultConfigurationName = Release;
		};
/* End XCConfigurationList section */
	};
	rootObject = B4AF256E1CF4E5B600D15DDF /* Project object */;
}
